
Microsoft Visual Studio Solution File, Format Version 12.00
# Visual Studio Version 17
VisualStudioVersion = 17.8.34330.188
MinimumVisualStudioVersion = 10.0.40219.1
Project("{9A19103F-16F7-4668-BE54-9A1E7A4F7556}") = "CB.SourceGenerators.Demo", "CB.SourceGenerators.Demo\CB.SourceGenerators.Demo.csproj", "{AF6C33CB-B211-4B4C-B65E-420F98CB04D9}"
EndProject
Project("{9A19103F-16F7-4668-BE54-9A1E7A4F7556}") = "CB.SourceGenerators", "CB.SourceGenerators\CB.SourceGenerators.csproj", "{CFBA1512-6B30-42EB-A990-BD7CFFFB8FBC}"
EndProject
Project("{9A19103F-16F7-4668-BE54-9A1E7A4F7556}") = "CB.SourceGenerators.Attributes", "CB.SourceGenerators.Attributes\CB.SourceGenerators.Attributes.csproj", "{391710F0-52D0-40E5-ABAA-1BD3A9B9978F}"
EndProject
Global
	GlobalSection(SolutionConfigurationPlatforms) = preSolution
		Debug|Any CPU = Debug|Any CPU
		Release|Any CPU = Release|Any CPU
	EndGlobalSection
	GlobalSection(ProjectConfigurationPlatforms) = postSolution
		{AF6C33CB-B211-4B4C-B65E-420F98CB04D9}.Debug|Any CPU.ActiveCfg = Debug|Any CPU
		{AF6C33CB-B211-4B4C-B65E-420F98CB04D9}.Debug|Any CPU.Build.0 = Debug|Any CPU
		{AF6C33CB-B211-4B4C-B65E-420F98CB04D9}.Release|Any CPU.ActiveCfg = Release|Any CPU
		{AF6C33CB-B211-4B4C-B65E-420F98CB04D9}.Release|Any CPU.Build.0 = Release|Any CPU
		{CFBA1512-6B30-42EB-A990-BD7CFFFB8FBC}.Debug|Any CPU.ActiveCfg = Debug|Any CPU
		{CFBA1512-6B30-42EB-A990-BD7CFFFB8FBC}.Debug|Any CPU.Build.0 = Debug|Any CPU
		{CFBA1512-6B30-42EB-A990-BD7CFFFB8FBC}.Release|Any CPU.ActiveCfg = Release|Any CPU
		{CFBA1512-6B30-42EB-A990-BD7CFFFB8FBC}.Release|Any CPU.Build.0 = Release|Any CPU
		{391710F0-52D0-40E5-ABAA-1BD3A9B9978F}.Debug|Any CPU.ActiveCfg = Debug|Any CPU
		{391710F0-52D0-40E5-ABAA-1BD3A9B9978F}.Debug|Any CPU.Build.0 = Debug|Any CPU
		{391710F0-52D0-40E5-ABAA-1BD3A9B9978F}.Release|Any CPU.ActiveCfg = Release|Any CPU
		{391710F0-52D0-40E5-ABAA-1BD3A9B9978F}.Release|Any CPU.Build.0 = Release|Any CPU
	EndGlobalSection
	GlobalSection(SolutionProperties) = preSolution
		HideSolutionNode = FALSE
	EndGlobalSection
	GlobalSection(ExtensibilityGlobals) = postSolution
		SolutionGuid = {47E5A840-353B-4AC4-948A-B938A356D2A2}
	EndGlobalSection
EndGlobal
